
Microsoft Visual Studio Solution File, Format Version 12.00
# Visual Studio Version 17
VisualStudioVersion = 17.4.33213.308
MinimumVisualStudioVersion = 10.0.40219.1
Project("{FAE04EC0-301F-11D3-BF4B-00C04F79EFBC}") = "Ekzamen", "Ekzamen\Ekzamen.csproj", "{BDE9ABB8-CBDD-44D5-BA0F-B7B56AC68981}"
EndProject
Global
	GlobalSection(SolutionConfigurationPlatforms) = preSolution
		Debug|Any CPU = Debug|Any CPU
		Release|Any CPU = Release|Any CPU
	EndGlobalSection
	GlobalSection(ProjectConfigurationPlatforms) = postSolution
		{BDE9ABB8-CBDD-44D5-BA0F-B7B56AC68981}.Debug|Any CPU.ActiveCfg = Debug|Any CPU
		{BDE9ABB8-CBDD-44D5-BA0F-B7B56AC68981}.Debug|Any CPU.Build.0 = Debug|Any CPU
		{BDE9ABB8-CBDD-44D5-BA0F-B7B56AC68981}.Release|Any CPU.ActiveCfg = Release|Any CPU
		{BDE9ABB8-CBDD-44D5-BA0F-B7B56AC68981}.Release|Any CPU.Build.0 = Release|Any CPU
	EndGlobalSection
	GlobalSection(SolutionProperties) = preSolution
		HideSolutionNode = FALSE
	EndGlobalSection
	GlobalSection(ExtensibilityGlobals) = postSolution
		SolutionGuid = {4CA3213C-784D-4B0D-9686-B1A808E3CF8B}
	EndGlobalSection
EndGlobal
